github.com/SAP/go-ase v0.0.0-20230911093826-e06baafeece3 h1:S2BdRIWytdt7gHV+39ZC9Fl8PbQlhlnWmBfQTy7iSUg=
github.com/SAP/go-ase v0.0.0-20230911093826-e06baafeece3/go.mod h1:RJNsL+XbiV4Ux3aTLlk5WIQy6kq6VW7OvAasNkq3j4U=
github.com/SAP/go-dblib v0.0.0-20220825075032-c1f3f4d6e7b3 h1:bX6dkWrQMTAO8IwVGZqXoNdWjZVQ3YnRU01p+x4X+Jw=
github.com/SAP/go-dblib v0.0.0-20220825075032-c1f3f4d6e7b3/go.mod h1:pyB1BEipxjxMcCYlymW+x6sgucc0N45V7LVPUnpDr/I=
github.com/hashicorp/errwrap v1.0.0/go.mod h1:YH+1FKiLXxHSkmPseP+kNlulaMuP3n2brvKWEqk/Jc4=
github.com/hashicorp/errwrap v1.1.0 h1:OxrOeh75EUXMY8TBjag2fzXGZ40LB6IKw45YeGUDY2I=
github.com/hashicorp/errwrap v1.1.0/go.mod h1:YH+1FKiLXxHSkmPseP+kNlulaMuP3n2brvKWEqk/Jc4=
github.com/hashicorp/go-multierror v1.1.1 h1:H5DkEtf6CXdFp0N0Em5UCwQpXMWke8IA0+lD48awMYo=
github.com/hashicorp/go-multierror v1.1.1/go.mod h1:iw975J/qwKPdAO1clOe2L8331t/9/fmwbPZ6JB6eMoM=
